
Microsoft Visual Studio Solution File, Format Version 12.00
# Visual Studio Version 16
VisualStudioVersion = 16.0.30804.86
MinimumVisualStudioVersion = 10.0.40219.1
Project("{8BC9CEB8-8B4A-11D0-8D11-00A0C91BC942}") = "OpenGLEngine", "OpenGLEngine\OpenGLEngine.vcxproj", "{4EEE9878-8AEF-44AE-8614-CF553767121A}"
EndProject
Global
	GlobalSection(SolutionConfigurationPlatforms) = preSolution
		Debug|x64 = Debug|x64
		Debug|x86 = Debug|x86
		Release|x64 = Release|x64
		Release|x86 = Release|x86
	EndGlobalSection
	GlobalSection(ProjectConfigurationPlatforms) = postSolution
		{4EEE9878-8AEF-44AE-8614-CF553767121A}.Debug|x64.ActiveCfg = Debug|x64
		{4EEE9878-8AEF-44AE-8614-CF553767121A}.Debug|x64.Build.0 = Debug|x64
		{4EEE9878-8AEF-44AE-8614-CF553767121A}.Debug|x86.ActiveCfg = Debug|Win32
		{4EEE9878-8AEF-44AE-8614-CF553767121A}.Debug|x86.Build.0 = Debug|Win32
		{4EEE9878-8AEF-44AE-8614-CF553767121A}.Release|x64.ActiveCfg = Release|x64
		{4EEE9878-8AEF-44AE-8614-CF553767121A}.Release|x64.Build.0 = Release|x64
		{4EEE9878-8AEF-44AE-8614-CF553767121A}.Release|x86.ActiveCfg = Release|Win32
		{4EEE9878-8AEF-44AE-8614-CF553767121A}.Release|x86.Build.0 = Release|Win32
	EndGlobalSection
	GlobalSection(SolutionProperties) = preSolution
		HideSolutionNode = FALSE
	EndGlobalSection
	GlobalSection(ExtensibilityGlobals) = postSolution
		SolutionGuid = {DFB38D38-5E97-4538-967C-0B773A5600B8}
	EndGlobalSection
EndGlobal
